
Microsoft Visual Studio Solution File, Format Version 12.00
# Visual Studio Version 17
VisualStudioVersion = 17.4.32916.344
MinimumVisualStudioVersion = 10.0.40219.1
Project("{2150E333-8FDC-42A3-9474-1A3956D46DE8}") = "src", "src", "{DEF12350-E216-4902-8770-A8B52CFFFD0B}"
EndProject
Project("{9A19103F-16F7-4668-BE54-9A1E7A4F7556}") = "Simple.Admin.Application", "src\admin\Simple.Admin.Application\Simple.Admin.Application.csproj", "{7E95713C-9EF4-4162-8E10-F371C44411F5}"
EndProject
Project("{9A19103F-16F7-4668-BE54-9A1E7A4F7556}") = "Simple.Admin.Application.Contract", "src\admin\Simple.Admin.Application.Contract\Simple.Admin.Application.Contract.csproj", "{CF1B27AA-AD92-434B-8242-30B8BE4F8063}"
EndProject
Project("{2150E333-8FDC-42A3-9474-1A3956D46DE8}") = "efcore", "efcore", "{EEA93EB1-B0BA-4579-9CA8-F46AA0C918B5}"
EndProject
Project("{9A19103F-16F7-4668-BE54-9A1E7A4F7556}") = "EntityFrameworkCore", "src\efcore\EntityFrameworkCore\EntityFrameworkCore.csproj", "{553249E3-A8F9-4F26-B0C3-3B4FE5EF7FE9}"
EndProject
Project("{2150E333-8FDC-42A3-9474-1A3956D46DE8}") = "test", "test", "{DA78A7E8-A30B-4DA3-AC02-041224758BB0}"
EndProject
Project("{9A19103F-16F7-4668-BE54-9A1E7A4F7556}") = "EntityFrameworkCore.DbMigrations", "src\efcore\EntityFrameworkCore.DbMigrations\EntityFrameworkCore.DbMigrations.csproj", "{F69DC6C0-B809-4DCD-B0D2-FB59F6E27BB1}"
EndProject
Project("{9A19103F-16F7-4668-BE54-9A1E7A4F7556}") = "Simple.Admin.Domain", "src\admin\Simple.Admin.Domain\Simple.Admin.Domain.csproj", "{5610AF7A-BDAC-4EFD-9B34-9CED97D2B4DD}"
EndProject
Project("{9A19103F-16F7-4668-BE54-9A1E7A4F7556}") = "Simple.Admin.EntityFrameworkCore", "src\admin\Simple.Admin.EntityFrameworkCore\Simple.Admin.EntityFrameworkCore.csproj", "{4D198AB1-2006-4041-BFC2-1B423E334174}"
EndProject
Project("{9A19103F-16F7-4668-BE54-9A1E7A4F7556}") = "Simple.Admin.HttpApi.Host", "src\admin\Simple.Admin.HttpApi.Host\Simple.Admin.HttpApi.Host.csproj", "{AEB39B18-6169-4E2A-B0A2-7D6DE228CE7D}"
EndProject
Project("{2150E333-8FDC-42A3-9474-1A3956D46DE8}") = "modules", "modules", "{F643F3E1-A9CB-438C-B1AF-434FA0240CFE}"
EndProject
Project("{9A19103F-16F7-4668-BE54-9A1E7A4F7556}") = "Simple.Common.Jwt", "src\module\Simple.Common.Jwt\Simple.Common.Jwt.csproj", "{051CB22B-02C0-49BF-BBF6-58F6BB7CCE62}"
EndProject
Project("{9A19103F-16F7-4668-BE54-9A1E7A4F7556}") = "Simple.Common.Infrastructure", "src\module\Simple.Common.Infrastructure\Simple.Common.Infrastructure.csproj", "{CA38E125-27B9-4E5B-8D82-D5BE591BE8B2}"
EndProject
Project("{2150E333-8FDC-42A3-9474-1A3956D46DE8}") = "auth", "auth", "{ED8B1A67-8F0E-47DF-B961-347E57458B5E}"
EndProject
Project("{9A19103F-16F7-4668-BE54-9A1E7A4F7556}") = "Simple.Auth.Application", "src\auth\Simple.Auth.Application\Simple.Auth.Application.csproj", "{372DB89F-64CE-4F17-BD2B-8892F47D407F}"
EndProject
Project("{9A19103F-16F7-4668-BE54-9A1E7A4F7556}") = "Simple.Auth.Application.Contract", "src\auth\Simple.Auth.Application.Contract\Simple.Auth.Application.Contract.csproj", "{9732B5D7-4F27-4745-BBB7-C645E50E9B1A}"
EndProject
Project("{9A19103F-16F7-4668-BE54-9A1E7A4F7556}") = "Simple.Auth.Domain", "src\auth\Simple.Auth.Domain\Simple.Auth.Domain.csproj", "{AE2BC558-E0CA-4DF1-8247-688AEDF54991}"
EndProject
Project("{9A19103F-16F7-4668-BE54-9A1E7A4F7556}") = "Simple.Auth.EntityFrameworkCore", "src\auth\Simple.Auth.EntityFrameworkCore\Simple.Auth.EntityFrameworkCore.csproj", "{93D657F1-BC8F-4CD0-8321-0FFD35A98810}"
EndProject
Project("{9A19103F-16F7-4668-BE54-9A1E7A4F7556}") = "EntityFrameworkCore.Mysql", "src\efcore\EntityFrameworkCore.Mysql\EntityFrameworkCore.Mysql.csproj", "{7B49EFB2-5253-4382-A8F0-0E818B62233D}"
EndProject
Project("{9A19103F-16F7-4668-BE54-9A1E7A4F7556}") = "EntityFrameworkCore.SqlServer", "src\efcore\EntityFrameworkCore.SqlServer\EntityFrameworkCore.SqlServer.csproj", "{D6F78F86-58CB-4640-B994-370331CB3F44}"
EndProject
Project("{9A19103F-16F7-4668-BE54-9A1E7A4F7556}") = "EntityFrameworkCore.Sqlite", "src\efcore\EntityFrameworkCore.Sqlite\EntityFrameworkCore.Sqlite.csproj", "{B3A9BAC3-E0CA-45AB-BF64-F94BCDF6B38A}"
EndProject
Project("{9A19103F-16F7-4668-BE54-9A1E7A4F7556}") = "Simple.DbMigrations", "src\Simple.DbMigrations\Simple.DbMigrations.csproj", "{065BBDBC-5E0D-495C-8606-FD59FB33793B}"
EndProject
Project("{9A19103F-16F7-4668-BE54-9A1E7A4F7556}") = "Simple.Auth.HttpApi.Host", "src\auth\Simple.Auth.HttpApi.Host\Simple.Auth.HttpApi.Host.csproj", "{E9364DE7-C4A2-4588-AEC3-9742E3DBC160}"
EndProject
Project("{9A19103F-16F7-4668-BE54-9A1E7A4F7556}") = "Test.Simple.HttpApi", "test\Test.Simple.HttpApi\Test.Simple.HttpApi.csproj", "{D218F8D9-6197-4E0E-A1C4-F7F5D65874E8}"
EndProject
Project("{9A19103F-16F7-4668-BE54-9A1E7A4F7556}") = "Simple.Shared", "src\Simple.Shared\Simple.Shared.csproj", "{B947139C-E1E5-446B-8B1A-8B67727CCB5C}"
EndProject
Project("{2150E333-8FDC-42A3-9474-1A3956D46DE8}") = "admin", "admin", "{2FC08311-35FA-4468-BEBF-7CDB687C8636}"
EndProject
Project("{9A19103F-16F7-4668-BE54-9A1E7A4F7556}") = "Simple.Domain.Shared", "src\Simple.Domain.Shared\Simple.Domain.Shared.csproj", "{5333F1D2-8DF0-4FF1-A1C3-EB23D4E1173C}"
EndProject
Project("{E53339B2-1760-4266-BCC7-CA923CBCF16C}") = "docker-compose", "docker-compose.dcproj", "{FB61224E-1C22-43A6-A82A-D279754817CE}"
EndProject
Project("{9A19103F-16F7-4668-BE54-9A1E7A4F7556}") = "Simple.Application.Contract", "src\Simple.Application.Contract\Simple.Application.Contract.csproj", "{8A72755F-6CA7-4DA8-98DD-E456081504B9}"
EndProject
Project("{2150E333-8FDC-42A3-9474-1A3956D46DE8}") = "resource", "resource", "{19DFF067-39F8-4021-A5C1-AF40B227B0E2}"
	ProjectSection(SolutionItems) = preProject
		common.props = common.props
		docker-compose.yml = docker-compose.yml
		README.en.md = README.en.md
		README.md = README.md
		versions.props = versions.props
	EndProjectSection
EndProject
Project("{2150E333-8FDC-42A3-9474-1A3956D46DE8}") = "auditLog", "auditLog", "{78C1CA0F-10CF-4DF2-B4AF-947BD7B0D3FC}"
EndProject
Project("{FAE04EC0-301F-11D3-BF4B-00C04F79EFBC}") = "Simple.AuditLog.Application.Contract", "src\auditLog\Simple.AuditLog.Application.Contract\Simple.AuditLog.Application.Contract.csproj", "{1AF63A82-11D2-4F02-A965-DE6A54623E95}"
EndProject
Global
	GlobalSection(SolutionConfigurationPlatforms) = preSolution
		Debug|Any CPU = Debug|Any CPU
		Release|Any CPU = Release|Any CPU
	EndGlobalSection
	GlobalSection(ProjectConfigurationPlatforms) = postSolution
		{7E95713C-9EF4-4162-8E10-F371C44411F5}.Debug|Any CPU.ActiveCfg = Debug|Any CPU
		{7E95713C-9EF4-4162-8E10-F371C44411F5}.Debug|Any CPU.Build.0 = Debug|Any CPU
		{7E95713C-9EF4-4162-8E10-F371C44411F5}.Release|Any CPU.ActiveCfg = Release|Any CPU
		{7E95713C-9EF4-4162-8E10-F371C44411F5}.Release|Any CPU.Build.0 = Release|Any CPU
		{CF1B27AA-AD92-434B-8242-30B8BE4F8063}.Debug|Any CPU.ActiveCfg = Debug|Any CPU
		{CF1B27AA-AD92-434B-8242-30B8BE4F8063}.Debug|Any CPU.Build.0 = Debug|Any CPU
		{CF1B27AA-AD92-434B-8242-30B8BE4F8063}.Release|Any CPU.ActiveCfg = Release|Any CPU
		{CF1B27AA-AD92-434B-8242-30B8BE4F8063}.Release|Any CPU.Build.0 = Release|Any CPU
		{553249E3-A8F9-4F26-B0C3-3B4FE5EF7FE9}.Debug|Any CPU.ActiveCfg = Debug|Any CPU
		{553249E3-A8F9-4F26-B0C3-3B4FE5EF7FE9}.Debug|Any CPU.Build.0 = Debug|Any CPU
		{553249E3-A8F9-4F26-B0C3-3B4FE5EF7FE9}.Release|Any CPU.ActiveCfg = Release|Any CPU
		{553249E3-A8F9-4F26-B0C3-3B4FE5EF7FE9}.Release|Any CPU.Build.0 = Release|Any CPU
		{F69DC6C0-B809-4DCD-B0D2-FB59F6E27BB1}.Debug|Any CPU.ActiveCfg = Debug|Any CPU
		{F69DC6C0-B809-4DCD-B0D2-FB59F6E27BB1}.Debug|Any CPU.Build.0 = Debug|Any CPU
		{F69DC6C0-B809-4DCD-B0D2-FB59F6E27BB1}.Release|Any CPU.ActiveCfg = Release|Any CPU
		{F69DC6C0-B809-4DCD-B0D2-FB59F6E27BB1}.Release|Any CPU.Build.0 = Release|Any CPU
		{5610AF7A-BDAC-4EFD-9B34-9CED97D2B4DD}.Debug|Any CPU.ActiveCfg = Debug|Any CPU
		{5610AF7A-BDAC-4EFD-9B34-9CED97D2B4DD}.Debug|Any CPU.Build.0 = Debug|Any CPU
		{5610AF7A-BDAC-4EFD-9B34-9CED97D2B4DD}.Release|Any CPU.ActiveCfg = Release|Any CPU
		{5610AF7A-BDAC-4EFD-9B34-9CED97D2B4DD}.Release|Any CPU.Build.0 = Release|Any CPU
		{4D198AB1-2006-4041-BFC2-1B423E334174}.Debug|Any CPU.ActiveCfg = Debug|Any CPU
		{4D198AB1-2006-4041-BFC2-1B423E334174}.Debug|Any CPU.Build.0 = Debug|Any CPU
		{4D198AB1-2006-4041-BFC2-1B423E334174}.Release|Any CPU.ActiveCfg = Release|Any CPU
		{4D198AB1-2006-4041-BFC2-1B423E334174}.Release|Any CPU.Build.0 = Release|Any CPU
		{AEB39B18-6169-4E2A-B0A2-7D6DE228CE7D}.Debug|Any CPU.ActiveCfg = Debug|Any CPU
		{AEB39B18-6169-4E2A-B0A2-7D6DE228CE7D}.Debug|Any CPU.Build.0 = Debug|Any CPU
		{AEB39B18-6169-4E2A-B0A2-7D6DE228CE7D}.Release|Any CPU.ActiveCfg = Release|Any CPU
		{AEB39B18-6169-4E2A-B0A2-7D6DE228CE7D}.Release|Any CPU.Build.0 = Release|Any CPU
		{051CB22B-02C0-49BF-BBF6-58F6BB7CCE62}.Debug|Any CPU.ActiveCfg = Debug|Any CPU
		{051CB22B-02C0-49BF-BBF6-58F6BB7CCE62}.Debug|Any CPU.Build.0 = Debug|Any CPU
		{051CB22B-02C0-49BF-BBF6-58F6BB7CCE62}.Release|Any CPU.ActiveCfg = Release|Any CPU
		{051CB22B-02C0-49BF-BBF6-58F6BB7CCE62}.Release|Any CPU.Build.0 = Release|Any CPU
		{CA38E125-27B9-4E5B-8D82-D5BE591BE8B2}.Debug|Any CPU.ActiveCfg = Debug|Any CPU
		{CA38E125-27B9-4E5B-8D82-D5BE591BE8B2}.Debug|Any CPU.Build.0 = Debug|Any CPU
		{CA38E125-27B9-4E5B-8D82-D5BE591BE8B2}.Release|Any CPU.ActiveCfg = Release|Any CPU
		{CA38E125-27B9-4E5B-8D82-D5BE591BE8B2}.Release|Any CPU.Build.0 = Release|Any CPU
		{372DB89F-64CE-4F17-BD2B-8892F47D407F}.Debug|Any CPU.ActiveCfg = Debug|Any CPU
		{372DB89F-64CE-4F17-BD2B-8892F47D407F}.Debug|Any CPU.Build.0 = Debug|Any CPU
		{372DB89F-64CE-4F17-BD2B-8892F47D407F}.Release|Any CPU.ActiveCfg = Release|Any CPU
		{372DB89F-64CE-4F17-BD2B-8892F47D407F}.Release|Any CPU.Build.0 = Release|Any CPU
		{9732B5D7-4F27-4745-BBB7-C645E50E9B1A}.Debug|Any CPU.ActiveCfg = Debug|Any CPU
		{9732B5D7-4F27-4745-BBB7-C645E50E9B1A}.Debug|Any CPU.Build.0 = Debug|Any CPU
		{9732B5D7-4F27-4745-BBB7-C645E50E9B1A}.Release|Any CPU.ActiveCfg = Release|Any CPU
		{9732B5D7-4F27-4745-BBB7-C645E50E9B1A}.Release|Any CPU.Build.0 = Release|Any CPU
		{AE2BC558-E0CA-4DF1-8247-688AEDF54991}.Debug|Any CPU.ActiveCfg = Debug|Any CPU
		{AE2BC558-E0CA-4DF1-8247-688AEDF54991}.Debug|Any CPU.Build.0 = Debug|Any CPU
		{AE2BC558-E0CA-4DF1-8247-688AEDF54991}.Release|Any CPU.ActiveCfg = Release|Any CPU
		{AE2BC558-E0CA-4DF1-8247-688AEDF54991}.Release|Any CPU.Build.0 = Release|Any CPU
		{93D657F1-BC8F-4CD0-8321-0FFD35A98810}.Debug|Any CPU.ActiveCfg = Debug|Any CPU
		{93D657F1-BC8F-4CD0-8321-0FFD35A98810}.Debug|Any CPU.Build.0 = Debug|Any CPU
		{93D657F1-BC8F-4CD0-8321-0FFD35A98810}.Release|Any CPU.ActiveCfg = Release|Any CPU
		{93D657F1-BC8F-4CD0-8321-0FFD35A98810}.Release|Any CPU.Build.0 = Release|Any CPU
		{7B49EFB2-5253-4382-A8F0-0E818B62233D}.Debug|Any CPU.ActiveCfg = Debug|Any CPU
		{7B49EFB2-5253-4382-A8F0-0E818B62233D}.Debug|Any CPU.Build.0 = Debug|Any CPU
		{7B49EFB2-5253-4382-A8F0-0E818B62233D}.Release|Any CPU.ActiveCfg = Release|Any CPU
		{7B49EFB2-5253-4382-A8F0-0E818B62233D}.Release|Any CPU.Build.0 = Release|Any CPU
		{D6F78F86-58CB-4640-B994-370331CB3F44}.Debug|Any CPU.ActiveCfg = Debug|Any CPU
		{D6F78F86-58CB-4640-B994-370331CB3F44}.Debug|Any CPU.Build.0 = Debug|Any CPU
		{D6F78F86-58CB-4640-B994-370331CB3F44}.Release|Any CPU.ActiveCfg = Release|Any CPU
		{D6F78F86-58CB-4640-B994-370331CB3F44}.Release|Any CPU.Build.0 = Release|Any CPU
		{B3A9BAC3-E0CA-45AB-BF64-F94BCDF6B38A}.Debug|Any CPU.ActiveCfg = Debug|Any CPU
		{B3A9BAC3-E0CA-45AB-BF64-F94BCDF6B38A}.Debug|Any CPU.Build.0 = Debug|Any CPU
		{B3A9BAC3-E0CA-45AB-BF64-F94BCDF6B38A}.Release|Any CPU.ActiveCfg = Release|Any CPU
		{B3A9BAC3-E0CA-45AB-BF64-F94BCDF6B38A}.Release|Any CPU.Build.0 = Release|Any CPU
		{065BBDBC-5E0D-495C-8606-FD59FB33793B}.Debug|Any CPU.ActiveCfg = Debug|Any CPU
		{065BBDBC-5E0D-495C-8606-FD59FB33793B}.Debug|Any CPU.Build.0 = Debug|Any CPU
		{065BBDBC-5E0D-495C-8606-FD59FB33793B}.Release|Any CPU.ActiveCfg = Release|Any CPU
		{065BBDBC-5E0D-495C-8606-FD59FB33793B}.Release|Any CPU.Build.0 = Release|Any CPU
		{E9364DE7-C4A2-4588-AEC3-9742E3DBC160}.Debug|Any CPU.ActiveCfg = Debug|Any CPU
		{E9364DE7-C4A2-4588-AEC3-9742E3DBC160}.Debug|Any CPU.Build.0 = Debug|Any CPU
		{E9364DE7-C4A2-4588-AEC3-9742E3DBC160}.Release|Any CPU.ActiveCfg = Release|Any CPU
		{E9364DE7-C4A2-4588-AEC3-9742E3DBC160}.Release|Any CPU.Build.0 = Release|Any CPU
		{D218F8D9-6197-4E0E-A1C4-F7F5D65874E8}.Debug|Any CPU.ActiveCfg = Debug|Any CPU
		{D218F8D9-6197-4E0E-A1C4-F7F5D65874E8}.Debug|Any CPU.Build.0 = Debug|Any CPU
		{D218F8D9-6197-4E0E-A1C4-F7F5D65874E8}.Release|Any CPU.ActiveCfg = Release|Any CPU
		{D218F8D9-6197-4E0E-A1C4-F7F5D65874E8}.Release|Any CPU.Build.0 = Release|Any CPU
		{B947139C-E1E5-446B-8B1A-8B67727CCB5C}.Debug|Any CPU.ActiveCfg = Debug|Any CPU
		{B947139C-E1E5-446B-8B1A-8B67727CCB5C}.Debug|Any CPU.Build.0 = Debug|Any CPU
		{B947139C-E1E5-446B-8B1A-8B67727CCB5C}.Release|Any CPU.ActiveCfg = Release|Any CPU
		{B947139C-E1E5-446B-8B1A-8B67727CCB5C}.Release|Any CPU.Build.0 = Release|Any CPU
		{5333F1D2-8DF0-4FF1-A1C3-EB23D4E1173C}.Debug|Any CPU.ActiveCfg = Debug|Any CPU
		{5333F1D2-8DF0-4FF1-A1C3-EB23D4E1173C}.Debug|Any CPU.Build.0 = Debug|Any CPU
		{5333F1D2-8DF0-4FF1-A1C3-EB23D4E1173C}.Release|Any CPU.ActiveCfg = Release|Any CPU
		{5333F1D2-8DF0-4FF1-A1C3-EB23D4E1173C}.Release|Any CPU.Build.0 = Release|Any CPU
		{FB61224E-1C22-43A6-A82A-D279754817CE}.Debug|Any CPU.ActiveCfg = Debug|Any CPU
		{FB61224E-1C22-43A6-A82A-D279754817CE}.Debug|Any CPU.Build.0 = Debug|Any CPU
		{FB61224E-1C22-43A6-A82A-D279754817CE}.Release|Any CPU.ActiveCfg = Release|Any CPU
		{FB61224E-1C22-43A6-A82A-D279754817CE}.Release|Any CPU.Build.0 = Release|Any CPU
		{8A72755F-6CA7-4DA8-98DD-E456081504B9}.Debug|Any CPU.ActiveCfg = Debug|Any CPU
		{8A72755F-6CA7-4DA8-98DD-E456081504B9}.Debug|Any CPU.Build.0 = Debug|Any CPU
		{8A72755F-6CA7-4DA8-98DD-E456081504B9}.Release|Any CPU.ActiveCfg = Release|Any CPU
		{8A72755F-6CA7-4DA8-98DD-E456081504B9}.Release|Any CPU.Build.0 = Release|Any CPU
		{1AF63A82-11D2-4F02-A965-DE6A54623E95}.Debug|Any CPU.ActiveCfg = Debug|Any CPU
		{1AF63A82-11D2-4F02-A965-DE6A54623E95}.Debug|Any CPU.Build.0 = Debug|Any CPU
		{1AF63A82-11D2-4F02-A965-DE6A54623E95}.Release|Any CPU.ActiveCfg = Release|Any CPU
		{1AF63A82-11D2-4F02-A965-DE6A54623E95}.Release|Any CPU.Build.0 = Release|Any CPU
	EndGlobalSection
	GlobalSection(SolutionProperties) = preSolution
		HideSolutionNode = FALSE
	EndGlobalSection
	GlobalSection(NestedProjects) = preSolution
		{7E95713C-9EF4-4162-8E10-F371C44411F5} = {2FC08311-35FA-4468-BEBF-7CDB687C8636}
		{CF1B27AA-AD92-434B-8242-30B8BE4F8063} = {2FC08311-35FA-4468-BEBF-7CDB687C8636}
		{EEA93EB1-B0BA-4579-9CA8-F46AA0C918B5} = {DEF12350-E216-4902-8770-A8B52CFFFD0B}
		{553249E3-A8F9-4F26-B0C3-3B4FE5EF7FE9} = {EEA93EB1-B0BA-4579-9CA8-F46AA0C918B5}
		{F69DC6C0-B809-4DCD-B0D2-FB59F6E27BB1} = {EEA93EB1-B0BA-4579-9CA8-F46AA0C918B5}
		{5610AF7A-BDAC-4EFD-9B34-9CED97D2B4DD} = {2FC08311-35FA-4468-BEBF-7CDB687C8636}
		{4D198AB1-2006-4041-BFC2-1B423E334174} = {2FC08311-35FA-4468-BEBF-7CDB687C8636}
		{AEB39B18-6169-4E2A-B0A2-7D6DE228CE7D} = {2FC08311-35FA-4468-BEBF-7CDB687C8636}
		{F643F3E1-A9CB-438C-B1AF-434FA0240CFE} = {DEF12350-E216-4902-8770-A8B52CFFFD0B}
		{051CB22B-02C0-49BF-BBF6-58F6BB7CCE62} = {F643F3E1-A9CB-438C-B1AF-434FA0240CFE}
		{CA38E125-27B9-4E5B-8D82-D5BE591BE8B2} = {F643F3E1-A9CB-438C-B1AF-434FA0240CFE}
		{ED8B1A67-8F0E-47DF-B961-347E57458B5E} = {DEF12350-E216-4902-8770-A8B52CFFFD0B}
		{372DB89F-64CE-4F17-BD2B-8892F47D407F} = {ED8B1A67-8F0E-47DF-B961-347E57458B5E}
		{9732B5D7-4F27-4745-BBB7-C645E50E9B1A} = {ED8B1A67-8F0E-47DF-B961-347E57458B5E}
		{AE2BC558-E0CA-4DF1-8247-688AEDF54991} = {ED8B1A67-8F0E-47DF-B961-347E57458B5E}
		{93D657F1-BC8F-4CD0-8321-0FFD35A98810} = {ED8B1A67-8F0E-47DF-B961-347E57458B5E}
		{7B49EFB2-5253-4382-A8F0-0E818B62233D} = {EEA93EB1-B0BA-4579-9CA8-F46AA0C918B5}
		{D6F78F86-58CB-4640-B994-370331CB3F44} = {EEA93EB1-B0BA-4579-9CA8-F46AA0C918B5}
		{B3A9BAC3-E0CA-45AB-BF64-F94BCDF6B38A} = {EEA93EB1-B0BA-4579-9CA8-F46AA0C918B5}
		{065BBDBC-5E0D-495C-8606-FD59FB33793B} = {DEF12350-E216-4902-8770-A8B52CFFFD0B}
		{E9364DE7-C4A2-4588-AEC3-9742E3DBC160} = {ED8B1A67-8F0E-47DF-B961-347E57458B5E}
		{D218F8D9-6197-4E0E-A1C4-F7F5D65874E8} = {DA78A7E8-A30B-4DA3-AC02-041224758BB0}
		{B947139C-E1E5-446B-8B1A-8B67727CCB5C} = {DEF12350-E216-4902-8770-A8B52CFFFD0B}
		{2FC08311-35FA-4468-BEBF-7CDB687C8636} = {DEF12350-E216-4902-8770-A8B52CFFFD0B}
		{5333F1D2-8DF0-4FF1-A1C3-EB23D4E1173C} = {DEF12350-E216-4902-8770-A8B52CFFFD0B}
		{8A72755F-6CA7-4DA8-98DD-E456081504B9} = {DEF12350-E216-4902-8770-A8B52CFFFD0B}
		{78C1CA0F-10CF-4DF2-B4AF-947BD7B0D3FC} = {DEF12350-E216-4902-8770-A8B52CFFFD0B}
		{1AF63A82-11D2-4F02-A965-DE6A54623E95} = {78C1CA0F-10CF-4DF2-B4AF-947BD7B0D3FC}
	EndGlobalSection
	GlobalSection(ExtensibilityGlobals) = postSolution
		SolutionGuid = {61CAEE30-44D2-4CAD-B360-EB438F1E24A2}
	EndGlobalSection
EndGlobal
