
Microsoft Visual Studio Solution File, Format Version 12.00
Project("{2150E333-8FDC-42A3-9474-1A3956D46DE8}") = "src", "src", "{DEF12350-E216-4902-8770-A8B52CFFFD0B}"
EndProject
Project("{FAE04EC0-301F-11D3-BF4B-00C04F79EFBC}") = "Simple.Application", "src\Simple.Application\Simple.Application.csproj", "{7E95713C-9EF4-4162-8E10-F371C44411F5}"
EndProject
Project("{FAE04EC0-301F-11D3-BF4B-00C04F79EFBC}") = "Simple.Application.Contract", "src\Simple.Application.Contract\Simple.Application.Contract.csproj", "{CF1B27AA-AD92-434B-8242-30B8BE4F8063}"
EndProject
Project("{2150E333-8FDC-42A3-9474-1A3956D46DE8}") = "efcore", "efcore", "{EEA93EB1-B0BA-4579-9CA8-F46AA0C918B5}"
EndProject
Project("{FAE04EC0-301F-11D3-BF4B-00C04F79EFBC}") = "EfCoreEntityFrameworkCore", "src\efcore\EfCoreEntityFrameworkCore\EfCoreEntityFrameworkCore.csproj", "{553249E3-A8F9-4F26-B0C3-3B4FE5EF7FE9}"
EndProject
Project("{2150E333-8FDC-42A3-9474-1A3956D46DE8}") = "test", "test", "{DA78A7E8-A30B-4DA3-AC02-041224758BB0}"
EndProject
Project("{2150E333-8FDC-42A3-9474-1A3956D46DE8}") = "efcore", "efcore", "{4D284592-BA63-477D-9578-9A21F6A03ACA}"
EndProject
Project("{FAE04EC0-301F-11D3-BF4B-00C04F79EFBC}") = "EfCoreEntityFrameworkCore.DbMigrations", "src\efcore\EfCoreEntityFrameworkCore.DbMigrations\EfCoreEntityFrameworkCore.DbMigrations.csproj", "{F69DC6C0-B809-4DCD-B0D2-FB59F6E27BB1}"
EndProject
Project("{FAE04EC0-301F-11D3-BF4B-00C04F79EFBC}") = "Simple.DbMigrations", "src\Simple.DbMigrations\Simple.DbMigrations.csproj", "{BF0BBF33-A36F-443F-8520-450634AF66FB}"
EndProject
Project("{FAE04EC0-301F-11D3-BF4B-00C04F79EFBC}") = "Simple.Domain", "src\Simple.Domain\Simple.Domain.csproj", "{5610AF7A-BDAC-4EFD-9B34-9CED97D2B4DD}"
EndProject
Project("{FAE04EC0-301F-11D3-BF4B-00C04F79EFBC}") = "Simple.Domain.Shared", "src\Simple.Domain.Shared\Simple.Domain.Shared.csproj", "{84CFDE87-8C61-49EB-90B5-794B4F9CFB66}"
EndProject
Project("{FAE04EC0-301F-11D3-BF4B-00C04F79EFBC}") = "Simple.EntityFrameworkCore", "src\Simple.EntityFrameworkCore\Simple.EntityFrameworkCore.csproj", "{4D198AB1-2006-4041-BFC2-1B423E334174}"
EndProject
Project("{FAE04EC0-301F-11D3-BF4B-00C04F79EFBC}") = "Simple.HttpApi.Host", "src\Simple.HttpApi.Host\Simple.HttpApi.Host.csproj", "{AEB39B18-6169-4E2A-B0A2-7D6DE228CE7D}"
EndProject
Project("{2150E333-8FDC-42A3-9474-1A3956D46DE8}") = "commons", "commons", "{F643F3E1-A9CB-438C-B1AF-434FA0240CFE}"
EndProject
Project("{FAE04EC0-301F-11D3-BF4B-00C04F79EFBC}") = "Simple.Common.Infrastructure", "src\commons\Simple.Common.Infrastructure\Simple.Common.Infrastructure.csproj", "{24F845D7-1F97-4983-95E5-010AEB93855F}"
EndProject
Global
	GlobalSection(SolutionConfigurationPlatforms) = preSolution
		Debug|Any CPU = Debug|Any CPU
		Release|Any CPU = Release|Any CPU
	EndGlobalSection
	GlobalSection(NestedProjects) = preSolution
		{7E95713C-9EF4-4162-8E10-F371C44411F5} = {DEF12350-E216-4902-8770-A8B52CFFFD0B}
		{CF1B27AA-AD92-434B-8242-30B8BE4F8063} = {DEF12350-E216-4902-8770-A8B52CFFFD0B}
		{EEA93EB1-B0BA-4579-9CA8-F46AA0C918B5} = {DEF12350-E216-4902-8770-A8B52CFFFD0B}
		{553249E3-A8F9-4F26-B0C3-3B4FE5EF7FE9} = {EEA93EB1-B0BA-4579-9CA8-F46AA0C918B5}
		{4D284592-BA63-477D-9578-9A21F6A03ACA} = {DA78A7E8-A30B-4DA3-AC02-041224758BB0}
		{F69DC6C0-B809-4DCD-B0D2-FB59F6E27BB1} = {EEA93EB1-B0BA-4579-9CA8-F46AA0C918B5}
		{BF0BBF33-A36F-443F-8520-450634AF66FB} = {DEF12350-E216-4902-8770-A8B52CFFFD0B}
		{5610AF7A-BDAC-4EFD-9B34-9CED97D2B4DD} = {DEF12350-E216-4902-8770-A8B52CFFFD0B}
		{84CFDE87-8C61-49EB-90B5-794B4F9CFB66} = {DEF12350-E216-4902-8770-A8B52CFFFD0B}
		{4D198AB1-2006-4041-BFC2-1B423E334174} = {DEF12350-E216-4902-8770-A8B52CFFFD0B}
		{AEB39B18-6169-4E2A-B0A2-7D6DE228CE7D} = {DEF12350-E216-4902-8770-A8B52CFFFD0B}
		{F643F3E1-A9CB-438C-B1AF-434FA0240CFE} = {DEF12350-E216-4902-8770-A8B52CFFFD0B}
		{24F845D7-1F97-4983-95E5-010AEB93855F} = {F643F3E1-A9CB-438C-B1AF-434FA0240CFE}
	EndGlobalSection
	GlobalSection(ProjectConfigurationPlatforms) = postSolution
		{7E95713C-9EF4-4162-8E10-F371C44411F5}.Debug|Any CPU.ActiveCfg = Debug|Any CPU
		{7E95713C-9EF4-4162-8E10-F371C44411F5}.Debug|Any CPU.Build.0 = Debug|Any CPU
		{7E95713C-9EF4-4162-8E10-F371C44411F5}.Release|Any CPU.ActiveCfg = Release|Any CPU
		{7E95713C-9EF4-4162-8E10-F371C44411F5}.Release|Any CPU.Build.0 = Release|Any CPU
		{CF1B27AA-AD92-434B-8242-30B8BE4F8063}.Debug|Any CPU.ActiveCfg = Debug|Any CPU
		{CF1B27AA-AD92-434B-8242-30B8BE4F8063}.Debug|Any CPU.Build.0 = Debug|Any CPU
		{CF1B27AA-AD92-434B-8242-30B8BE4F8063}.Release|Any CPU.ActiveCfg = Release|Any CPU
		{CF1B27AA-AD92-434B-8242-30B8BE4F8063}.Release|Any CPU.Build.0 = Release|Any CPU
		{553249E3-A8F9-4F26-B0C3-3B4FE5EF7FE9}.Debug|Any CPU.ActiveCfg = Debug|Any CPU
		{553249E3-A8F9-4F26-B0C3-3B4FE5EF7FE9}.Debug|Any CPU.Build.0 = Debug|Any CPU
		{553249E3-A8F9-4F26-B0C3-3B4FE5EF7FE9}.Release|Any CPU.ActiveCfg = Release|Any CPU
		{553249E3-A8F9-4F26-B0C3-3B4FE5EF7FE9}.Release|Any CPU.Build.0 = Release|Any CPU
		{F69DC6C0-B809-4DCD-B0D2-FB59F6E27BB1}.Debug|Any CPU.ActiveCfg = Debug|Any CPU
		{F69DC6C0-B809-4DCD-B0D2-FB59F6E27BB1}.Debug|Any CPU.Build.0 = Debug|Any CPU
		{F69DC6C0-B809-4DCD-B0D2-FB59F6E27BB1}.Release|Any CPU.ActiveCfg = Release|Any CPU
		{F69DC6C0-B809-4DCD-B0D2-FB59F6E27BB1}.Release|Any CPU.Build.0 = Release|Any CPU
		{BF0BBF33-A36F-443F-8520-450634AF66FB}.Debug|Any CPU.ActiveCfg = Debug|Any CPU
		{BF0BBF33-A36F-443F-8520-450634AF66FB}.Debug|Any CPU.Build.0 = Debug|Any CPU
		{BF0BBF33-A36F-443F-8520-450634AF66FB}.Release|Any CPU.ActiveCfg = Release|Any CPU
		{BF0BBF33-A36F-443F-8520-450634AF66FB}.Release|Any CPU.Build.0 = Release|Any CPU
		{5610AF7A-BDAC-4EFD-9B34-9CED97D2B4DD}.Debug|Any CPU.ActiveCfg = Debug|Any CPU
		{5610AF7A-BDAC-4EFD-9B34-9CED97D2B4DD}.Debug|Any CPU.Build.0 = Debug|Any CPU
		{5610AF7A-BDAC-4EFD-9B34-9CED97D2B4DD}.Release|Any CPU.ActiveCfg = Release|Any CPU
		{5610AF7A-BDAC-4EFD-9B34-9CED97D2B4DD}.Release|Any CPU.Build.0 = Release|Any CPU
		{84CFDE87-8C61-49EB-90B5-794B4F9CFB66}.Debug|Any CPU.ActiveCfg = Debug|Any CPU
		{84CFDE87-8C61-49EB-90B5-794B4F9CFB66}.Debug|Any CPU.Build.0 = Debug|Any CPU
		{84CFDE87-8C61-49EB-90B5-794B4F9CFB66}.Release|Any CPU.ActiveCfg = Release|Any CPU
		{84CFDE87-8C61-49EB-90B5-794B4F9CFB66}.Release|Any CPU.Build.0 = Release|Any CPU
		{4D198AB1-2006-4041-BFC2-1B423E334174}.Debug|Any CPU.ActiveCfg = Debug|Any CPU
		{4D198AB1-2006-4041-BFC2-1B423E334174}.Debug|Any CPU.Build.0 = Debug|Any CPU
		{4D198AB1-2006-4041-BFC2-1B423E334174}.Release|Any CPU.ActiveCfg = Release|Any CPU
		{4D198AB1-2006-4041-BFC2-1B423E334174}.Release|Any CPU.Build.0 = Release|Any CPU
		{AEB39B18-6169-4E2A-B0A2-7D6DE228CE7D}.Debug|Any CPU.ActiveCfg = Debug|Any CPU
		{AEB39B18-6169-4E2A-B0A2-7D6DE228CE7D}.Debug|Any CPU.Build.0 = Debug|Any CPU
		{AEB39B18-6169-4E2A-B0A2-7D6DE228CE7D}.Release|Any CPU.ActiveCfg = Release|Any CPU
		{AEB39B18-6169-4E2A-B0A2-7D6DE228CE7D}.Release|Any CPU.Build.0 = Release|Any CPU
		{24F845D7-1F97-4983-95E5-010AEB93855F}.Debug|Any CPU.ActiveCfg = Debug|Any CPU
		{24F845D7-1F97-4983-95E5-010AEB93855F}.Debug|Any CPU.Build.0 = Debug|Any CPU
		{24F845D7-1F97-4983-95E5-010AEB93855F}.Release|Any CPU.ActiveCfg = Release|Any CPU
		{24F845D7-1F97-4983-95E5-010AEB93855F}.Release|Any CPU.Build.0 = Release|Any CPU
	EndGlobalSection
EndGlobal
