
Microsoft Visual Studio Solution File, Format Version 12.00
Project("{2150E333-8FDC-42A3-9474-1A3956D46DE8}") = "src", "src", "{DEF12350-E216-4902-8770-A8B52CFFFD0B}"
EndProject
Project("{FAE04EC0-301F-11D3-BF4B-00C04F79EFBC}") = "Simple.Application", "src\Simple.Application\Simple.Application.csproj", "{7E95713C-9EF4-4162-8E10-F371C44411F5}"
EndProject
Project("{FAE04EC0-301F-11D3-BF4B-00C04F79EFBC}") = "Simple.Application.Contract", "src\Simple.Application.Contract\Simple.Application.Contract.csproj", "{CF1B27AA-AD92-434B-8242-30B8BE4F8063}"
EndProject
Project("{2150E333-8FDC-42A3-9474-1A3956D46DE8}") = "efcore", "efcore", "{EEA93EB1-B0BA-4579-9CA8-F46AA0C918B5}"
EndProject
Project("{FAE04EC0-301F-11D3-BF4B-00C04F79EFBC}") = "EntityFrameworkCore", "src\efcore\EntityFrameworkCore\EntityFrameworkCore.csproj", "{553249E3-A8F9-4F26-B0C3-3B4FE5EF7FE9}"
EndProject
Project("{2150E333-8FDC-42A3-9474-1A3956D46DE8}") = "test", "test", "{DA78A7E8-A30B-4DA3-AC02-041224758BB0}"
EndProject
Project("{FAE04EC0-301F-11D3-BF4B-00C04F79EFBC}") = "EntityFrameworkCore.DbMigrations", "src\efcore\EntityFrameworkCore.DbMigrations\EntityFrameworkCore.DbMigrations.csproj", "{F69DC6C0-B809-4DCD-B0D2-FB59F6E27BB1}"
EndProject
Project("{FAE04EC0-301F-11D3-BF4B-00C04F79EFBC}") = "Simple.DbMigrations", "src\Simple.DbMigrations\Simple.DbMigrations.csproj", "{BF0BBF33-A36F-443F-8520-450634AF66FB}"
EndProject
Project("{FAE04EC0-301F-11D3-BF4B-00C04F79EFBC}") = "Simple.Domain", "src\Simple.Domain\Simple.Domain.csproj", "{5610AF7A-BDAC-4EFD-9B34-9CED97D2B4DD}"
EndProject
Project("{FAE04EC0-301F-11D3-BF4B-00C04F79EFBC}") = "Simple.Domain.Shared", "src\Simple.Domain.Shared\Simple.Domain.Shared.csproj", "{84CFDE87-8C61-49EB-90B5-794B4F9CFB66}"
EndProject
Project("{FAE04EC0-301F-11D3-BF4B-00C04F79EFBC}") = "Simple.EntityFrameworkCore", "src\Simple.EntityFrameworkCore\Simple.EntityFrameworkCore.csproj", "{4D198AB1-2006-4041-BFC2-1B423E334174}"
EndProject
Project("{FAE04EC0-301F-11D3-BF4B-00C04F79EFBC}") = "Simple.HttpApi.Host", "src\Simple.HttpApi.Host\Simple.HttpApi.Host.csproj", "{AEB39B18-6169-4E2A-B0A2-7D6DE228CE7D}"
EndProject
Project("{2150E333-8FDC-42A3-9474-1A3956D46DE8}") = "modules", "modules", "{F643F3E1-A9CB-438C-B1AF-434FA0240CFE}"
EndProject
Project("{FAE04EC0-301F-11D3-BF4B-00C04F79EFBC}") = "Simple.Common.Jwt", "src\module\Simple.Common.Jwt\Simple.Common.Jwt.csproj", "{051CB22B-02C0-49BF-BBF6-58F6BB7CCE62}"
EndProject
Project("{FAE04EC0-301F-11D3-BF4B-00C04F79EFBC}") = "Simple.Common.Infrastructure", "src\module\Simple.Common.Infrastructure\Simple.Common.Infrastructure.csproj", "{CA38E125-27B9-4E5B-8D82-D5BE591BE8B2}"
EndProject
Project("{2150E333-8FDC-42A3-9474-1A3956D46DE8}") = "auth", "auth", "{ED8B1A67-8F0E-47DF-B961-347E57458B5E}"
EndProject
Project("{FAE04EC0-301F-11D3-BF4B-00C04F79EFBC}") = "Simple.Auth.Application", "src\auth\Simple.Auth.Application\Simple.Auth.Application.csproj", "{372DB89F-64CE-4F17-BD2B-8892F47D407F}"
EndProject
Project("{FAE04EC0-301F-11D3-BF4B-00C04F79EFBC}") = "Simple.Auth.Application.Contract", "src\auth\Simple.Auth.Application.Contract\Simple.Auth.Application.Contract.csproj", "{9732B5D7-4F27-4745-BBB7-C645E50E9B1A}"
EndProject
Project("{FAE04EC0-301F-11D3-BF4B-00C04F79EFBC}") = "Simple.Auth.Domain", "src\auth\Simple.Auth.Domain\Simple.Auth.Domain.csproj", "{AE2BC558-E0CA-4DF1-8247-688AEDF54991}"
EndProject
Project("{FAE04EC0-301F-11D3-BF4B-00C04F79EFBC}") = "Simple.Auth.Domain.Shared", "src\auth\Simple.Auth.Domain.Shared\Simple.Auth.Domain.Shared.csproj", "{1CF34D7A-896C-4506-B2C0-959F7661C8DB}"
EndProject
Project("{FAE04EC0-301F-11D3-BF4B-00C04F79EFBC}") = "Simple.Auth.EntityFrameworkCore", "src\auth\Simple.Auth.EntityFrameworkCore\Simple.Auth.EntityFrameworkCore.csproj", "{93D657F1-BC8F-4CD0-8321-0FFD35A98810}"
EndProject
Project("{FAE04EC0-301F-11D3-BF4B-00C04F79EFBC}") = "EntityFrameworkCore.Mysql", "src\efcore\EntityFrameworkCore.Mysql\EntityFrameworkCore.Mysql.csproj", "{7B49EFB2-5253-4382-A8F0-0E818B62233D}"
EndProject
Project("{FAE04EC0-301F-11D3-BF4B-00C04F79EFBC}") = "EntityFrameworkCore.SqlServer", "src\efcore\EntityFrameworkCore.SqlServer\EntityFrameworkCore.SqlServer.csproj", "{D6F78F86-58CB-4640-B994-370331CB3F44}"
EndProject
Global
	GlobalSection(SolutionConfigurationPlatforms) = preSolution
		Debug|Any CPU = Debug|Any CPU
		Release|Any CPU = Release|Any CPU
	EndGlobalSection
	GlobalSection(NestedProjects) = preSolution
		{7E95713C-9EF4-4162-8E10-F371C44411F5} = {DEF12350-E216-4902-8770-A8B52CFFFD0B}
		{CF1B27AA-AD92-434B-8242-30B8BE4F8063} = {DEF12350-E216-4902-8770-A8B52CFFFD0B}
		{EEA93EB1-B0BA-4579-9CA8-F46AA0C918B5} = {DEF12350-E216-4902-8770-A8B52CFFFD0B}
		{553249E3-A8F9-4F26-B0C3-3B4FE5EF7FE9} = {EEA93EB1-B0BA-4579-9CA8-F46AA0C918B5}
		{F69DC6C0-B809-4DCD-B0D2-FB59F6E27BB1} = {EEA93EB1-B0BA-4579-9CA8-F46AA0C918B5}
		{BF0BBF33-A36F-443F-8520-450634AF66FB} = {DEF12350-E216-4902-8770-A8B52CFFFD0B}
		{5610AF7A-BDAC-4EFD-9B34-9CED97D2B4DD} = {DEF12350-E216-4902-8770-A8B52CFFFD0B}
		{84CFDE87-8C61-49EB-90B5-794B4F9CFB66} = {DEF12350-E216-4902-8770-A8B52CFFFD0B}
		{4D198AB1-2006-4041-BFC2-1B423E334174} = {DEF12350-E216-4902-8770-A8B52CFFFD0B}
		{AEB39B18-6169-4E2A-B0A2-7D6DE228CE7D} = {DEF12350-E216-4902-8770-A8B52CFFFD0B}
		{F643F3E1-A9CB-438C-B1AF-434FA0240CFE} = {DEF12350-E216-4902-8770-A8B52CFFFD0B}
		{051CB22B-02C0-49BF-BBF6-58F6BB7CCE62} = {F643F3E1-A9CB-438C-B1AF-434FA0240CFE}
		{CA38E125-27B9-4E5B-8D82-D5BE591BE8B2} = {F643F3E1-A9CB-438C-B1AF-434FA0240CFE}
		{ED8B1A67-8F0E-47DF-B961-347E57458B5E} = {DEF12350-E216-4902-8770-A8B52CFFFD0B}
		{372DB89F-64CE-4F17-BD2B-8892F47D407F} = {ED8B1A67-8F0E-47DF-B961-347E57458B5E}
		{9732B5D7-4F27-4745-BBB7-C645E50E9B1A} = {ED8B1A67-8F0E-47DF-B961-347E57458B5E}
		{AE2BC558-E0CA-4DF1-8247-688AEDF54991} = {ED8B1A67-8F0E-47DF-B961-347E57458B5E}
		{1CF34D7A-896C-4506-B2C0-959F7661C8DB} = {ED8B1A67-8F0E-47DF-B961-347E57458B5E}
		{93D657F1-BC8F-4CD0-8321-0FFD35A98810} = {ED8B1A67-8F0E-47DF-B961-347E57458B5E}
		{7B49EFB2-5253-4382-A8F0-0E818B62233D} = {EEA93EB1-B0BA-4579-9CA8-F46AA0C918B5}
		{D6F78F86-58CB-4640-B994-370331CB3F44} = {EEA93EB1-B0BA-4579-9CA8-F46AA0C918B5}
	EndGlobalSection
	GlobalSection(ProjectConfigurationPlatforms) = postSolution
		{7E95713C-9EF4-4162-8E10-F371C44411F5}.Debug|Any CPU.ActiveCfg = Debug|Any CPU
		{7E95713C-9EF4-4162-8E10-F371C44411F5}.Debug|Any CPU.Build.0 = Debug|Any CPU
		{7E95713C-9EF4-4162-8E10-F371C44411F5}.Release|Any CPU.ActiveCfg = Release|Any CPU
		{7E95713C-9EF4-4162-8E10-F371C44411F5}.Release|Any CPU.Build.0 = Release|Any CPU
		{CF1B27AA-AD92-434B-8242-30B8BE4F8063}.Debug|Any CPU.ActiveCfg = Debug|Any CPU
		{CF1B27AA-AD92-434B-8242-30B8BE4F8063}.Debug|Any CPU.Build.0 = Debug|Any CPU
		{CF1B27AA-AD92-434B-8242-30B8BE4F8063}.Release|Any CPU.ActiveCfg = Release|Any CPU
		{CF1B27AA-AD92-434B-8242-30B8BE4F8063}.Release|Any CPU.Build.0 = Release|Any CPU
		{553249E3-A8F9-4F26-B0C3-3B4FE5EF7FE9}.Debug|Any CPU.ActiveCfg = Debug|Any CPU
		{553249E3-A8F9-4F26-B0C3-3B4FE5EF7FE9}.Debug|Any CPU.Build.0 = Debug|Any CPU
		{553249E3-A8F9-4F26-B0C3-3B4FE5EF7FE9}.Release|Any CPU.ActiveCfg = Release|Any CPU
		{553249E3-A8F9-4F26-B0C3-3B4FE5EF7FE9}.Release|Any CPU.Build.0 = Release|Any CPU
		{F69DC6C0-B809-4DCD-B0D2-FB59F6E27BB1}.Debug|Any CPU.ActiveCfg = Debug|Any CPU
		{F69DC6C0-B809-4DCD-B0D2-FB59F6E27BB1}.Debug|Any CPU.Build.0 = Debug|Any CPU
		{F69DC6C0-B809-4DCD-B0D2-FB59F6E27BB1}.Release|Any CPU.ActiveCfg = Release|Any CPU
		{F69DC6C0-B809-4DCD-B0D2-FB59F6E27BB1}.Release|Any CPU.Build.0 = Release|Any CPU
		{BF0BBF33-A36F-443F-8520-450634AF66FB}.Debug|Any CPU.ActiveCfg = Debug|Any CPU
		{BF0BBF33-A36F-443F-8520-450634AF66FB}.Debug|Any CPU.Build.0 = Debug|Any CPU
		{BF0BBF33-A36F-443F-8520-450634AF66FB}.Release|Any CPU.ActiveCfg = Release|Any CPU
		{BF0BBF33-A36F-443F-8520-450634AF66FB}.Release|Any CPU.Build.0 = Release|Any CPU
		{5610AF7A-BDAC-4EFD-9B34-9CED97D2B4DD}.Debug|Any CPU.ActiveCfg = Debug|Any CPU
		{5610AF7A-BDAC-4EFD-9B34-9CED97D2B4DD}.Debug|Any CPU.Build.0 = Debug|Any CPU
		{5610AF7A-BDAC-4EFD-9B34-9CED97D2B4DD}.Release|Any CPU.ActiveCfg = Release|Any CPU
		{5610AF7A-BDAC-4EFD-9B34-9CED97D2B4DD}.Release|Any CPU.Build.0 = Release|Any CPU
		{84CFDE87-8C61-49EB-90B5-794B4F9CFB66}.Debug|Any CPU.ActiveCfg = Debug|Any CPU
		{84CFDE87-8C61-49EB-90B5-794B4F9CFB66}.Debug|Any CPU.Build.0 = Debug|Any CPU
		{84CFDE87-8C61-49EB-90B5-794B4F9CFB66}.Release|Any CPU.ActiveCfg = Release|Any CPU
		{84CFDE87-8C61-49EB-90B5-794B4F9CFB66}.Release|Any CPU.Build.0 = Release|Any CPU
		{4D198AB1-2006-4041-BFC2-1B423E334174}.Debug|Any CPU.ActiveCfg = Debug|Any CPU
		{4D198AB1-2006-4041-BFC2-1B423E334174}.Debug|Any CPU.Build.0 = Debug|Any CPU
		{4D198AB1-2006-4041-BFC2-1B423E334174}.Release|Any CPU.ActiveCfg = Release|Any CPU
		{4D198AB1-2006-4041-BFC2-1B423E334174}.Release|Any CPU.Build.0 = Release|Any CPU
		{AEB39B18-6169-4E2A-B0A2-7D6DE228CE7D}.Debug|Any CPU.ActiveCfg = Debug|Any CPU
		{AEB39B18-6169-4E2A-B0A2-7D6DE228CE7D}.Debug|Any CPU.Build.0 = Debug|Any CPU
		{AEB39B18-6169-4E2A-B0A2-7D6DE228CE7D}.Release|Any CPU.ActiveCfg = Release|Any CPU
		{AEB39B18-6169-4E2A-B0A2-7D6DE228CE7D}.Release|Any CPU.Build.0 = Release|Any CPU
		{051CB22B-02C0-49BF-BBF6-58F6BB7CCE62}.Debug|Any CPU.ActiveCfg = Debug|Any CPU
		{051CB22B-02C0-49BF-BBF6-58F6BB7CCE62}.Debug|Any CPU.Build.0 = Debug|Any CPU
		{051CB22B-02C0-49BF-BBF6-58F6BB7CCE62}.Release|Any CPU.ActiveCfg = Release|Any CPU
		{051CB22B-02C0-49BF-BBF6-58F6BB7CCE62}.Release|Any CPU.Build.0 = Release|Any CPU
		{CA38E125-27B9-4E5B-8D82-D5BE591BE8B2}.Debug|Any CPU.ActiveCfg = Debug|Any CPU
		{CA38E125-27B9-4E5B-8D82-D5BE591BE8B2}.Debug|Any CPU.Build.0 = Debug|Any CPU
		{CA38E125-27B9-4E5B-8D82-D5BE591BE8B2}.Release|Any CPU.ActiveCfg = Release|Any CPU
		{CA38E125-27B9-4E5B-8D82-D5BE591BE8B2}.Release|Any CPU.Build.0 = Release|Any CPU
		{372DB89F-64CE-4F17-BD2B-8892F47D407F}.Debug|Any CPU.ActiveCfg = Debug|Any CPU
		{372DB89F-64CE-4F17-BD2B-8892F47D407F}.Debug|Any CPU.Build.0 = Debug|Any CPU
		{372DB89F-64CE-4F17-BD2B-8892F47D407F}.Release|Any CPU.ActiveCfg = Release|Any CPU
		{372DB89F-64CE-4F17-BD2B-8892F47D407F}.Release|Any CPU.Build.0 = Release|Any CPU
		{9732B5D7-4F27-4745-BBB7-C645E50E9B1A}.Debug|Any CPU.ActiveCfg = Debug|Any CPU
		{9732B5D7-4F27-4745-BBB7-C645E50E9B1A}.Debug|Any CPU.Build.0 = Debug|Any CPU
		{9732B5D7-4F27-4745-BBB7-C645E50E9B1A}.Release|Any CPU.ActiveCfg = Release|Any CPU
		{9732B5D7-4F27-4745-BBB7-C645E50E9B1A}.Release|Any CPU.Build.0 = Release|Any CPU
		{AE2BC558-E0CA-4DF1-8247-688AEDF54991}.Debug|Any CPU.ActiveCfg = Debug|Any CPU
		{AE2BC558-E0CA-4DF1-8247-688AEDF54991}.Debug|Any CPU.Build.0 = Debug|Any CPU
		{AE2BC558-E0CA-4DF1-8247-688AEDF54991}.Release|Any CPU.ActiveCfg = Release|Any CPU
		{AE2BC558-E0CA-4DF1-8247-688AEDF54991}.Release|Any CPU.Build.0 = Release|Any CPU
		{1CF34D7A-896C-4506-B2C0-959F7661C8DB}.Debug|Any CPU.ActiveCfg = Debug|Any CPU
		{1CF34D7A-896C-4506-B2C0-959F7661C8DB}.Debug|Any CPU.Build.0 = Debug|Any CPU
		{1CF34D7A-896C-4506-B2C0-959F7661C8DB}.Release|Any CPU.ActiveCfg = Release|Any CPU
		{1CF34D7A-896C-4506-B2C0-959F7661C8DB}.Release|Any CPU.Build.0 = Release|Any CPU
		{93D657F1-BC8F-4CD0-8321-0FFD35A98810}.Debug|Any CPU.ActiveCfg = Debug|Any CPU
		{93D657F1-BC8F-4CD0-8321-0FFD35A98810}.Debug|Any CPU.Build.0 = Debug|Any CPU
		{93D657F1-BC8F-4CD0-8321-0FFD35A98810}.Release|Any CPU.ActiveCfg = Release|Any CPU
		{93D657F1-BC8F-4CD0-8321-0FFD35A98810}.Release|Any CPU.Build.0 = Release|Any CPU
		{7B49EFB2-5253-4382-A8F0-0E818B62233D}.Debug|Any CPU.ActiveCfg = Debug|Any CPU
		{7B49EFB2-5253-4382-A8F0-0E818B62233D}.Debug|Any CPU.Build.0 = Debug|Any CPU
		{7B49EFB2-5253-4382-A8F0-0E818B62233D}.Release|Any CPU.ActiveCfg = Release|Any CPU
		{7B49EFB2-5253-4382-A8F0-0E818B62233D}.Release|Any CPU.Build.0 = Release|Any CPU
		{D6F78F86-58CB-4640-B994-370331CB3F44}.Debug|Any CPU.ActiveCfg = Debug|Any CPU
		{D6F78F86-58CB-4640-B994-370331CB3F44}.Debug|Any CPU.Build.0 = Debug|Any CPU
		{D6F78F86-58CB-4640-B994-370331CB3F44}.Release|Any CPU.ActiveCfg = Release|Any CPU
		{D6F78F86-58CB-4640-B994-370331CB3F44}.Release|Any CPU.Build.0 = Release|Any CPU
	EndGlobalSection
EndGlobal
